
Microsoft Visual Studio Solution File, Format Version 12.00
# Visual Studio Version 17
VisualStudioVersion = 17.1.32228.430
MinimumVisualStudioVersion = 10.0.40219.1
Project("{FAE04EC0-301F-11D3-BF4B-00C04F79EFBC}") = "SDL_2_Test", "SDL_2_Test\SDL_2_Test.csproj", "{A7EE8DD2-DCC3-4641-A290-068E856D9987}"
EndProject
Global
	GlobalSection(SolutionConfigurationPlatforms) = preSolution
		Debug|Any CPU = Debug|Any CPU
		Release|Any CPU = Release|Any CPU
	EndGlobalSection
	GlobalSection(ProjectConfigurationPlatforms) = postSolution
		{A7EE8DD2-DCC3-4641-A290-068E856D9987}.Debug|Any CPU.ActiveCfg = Debug|Any CPU
		{A7EE8DD2-DCC3-4641-A290-068E856D9987}.Debug|Any CPU.Build.0 = Debug|Any CPU
		{A7EE8DD2-DCC3-4641-A290-068E856D9987}.Release|Any CPU.ActiveCfg = Release|Any CPU
		{A7EE8DD2-DCC3-4641-A290-068E856D9987}.Release|Any CPU.Build.0 = Release|Any CPU
	EndGlobalSection
	GlobalSection(SolutionProperties) = preSolution
		HideSolutionNode = FALSE
	EndGlobalSection
	GlobalSection(ExtensibilityGlobals) = postSolution
		SolutionGuid = {1B98D127-2C63-4667-836A-94672EC86273}
	EndGlobalSection
EndGlobal
